GEM
  remote: https://rubygems.org/
  specs:
    bigdecimal (4.1.0)
    colorize (1.1.0)
    csv (3.3.5)
    httparty (0.24.2)
      csv
      mini_mime (>= 1.0.0)
      multi_xml (>= 0.5.2)
    mini_mime (1.1.5)
    multi_xml (0.8.1)
      bigdecimal (>= 3.1, < 5)
    nokogiri (1.19.2-aarch64-linux-gnu)
      racc (~> 1.4)
    nokogiri (1.19.2-aarch64-linux-musl)
      racc (~> 1.4)
    nokogiri (1.19.2-arm-linux-gnu)
      racc (~> 1.4)
    nokogiri (1.19.2-arm-linux-musl)
      racc (~> 1.4)
    nokogiri (1.19.2-arm64-darwin)
      racc (~> 1.4)
    nokogiri (1.19.2-x86_64-darwin)
      racc (~> 1.4)
    nokogiri (1.19.2-x86_64-linux-gnu)
      racc (~> 1.4)
    nokogiri (1.19.2-x86_64-linux-musl)
      racc (~> 1.4)
    racc (1.8.1)
    redcarpet (3.6.1)
    sequel (5.102.0)
      bigdecimal
    sqlite3 (2.9.2-aarch64-linux-gnu)
    sqlite3 (2.9.2-aarch64-linux-musl)
    sqlite3 (2.9.2-arm-linux-gnu)
    sqlite3 (2.9.2-arm-linux-musl)
    sqlite3 (2.9.2-arm64-darwin)
    sqlite3 (2.9.2-x86_64-darwin)
    sqlite3 (2.9.2-x86_64-linux-gnu)
    sqlite3 (2.9.2-x86_64-linux-musl)
    thor (1.5.0)

PLATFORMS
  aarch64-linux-gnu
  aarch64-linux-musl
  arm-linux-gnu
  arm-linux-musl
  arm64-darwin
  x86_64-darwin
  x86_64-linux-gnu
  x86_64-linux-musl

DEPENDENCIES
  colorize
  httparty
  nokogiri
  redcarpet
  sequel
  sqlite3
  thor

CHECKSUMS
  bigdecimal (4.1.0) sha256=6dc07767aa3dc456ccd48e7ae70a07b474e9afd7c5bc576f80bd6da5c8dd6cae
  colorize (1.1.0) sha256=30b5237f0603f6662ab8d1fc2bd4a96142b806c6415d79e45ef5fdc6a0cfc837
  csv (3.3.5) sha256=6e5134ac3383ef728b7f02725d9872934f523cb40b961479f69cf3afa6c8e73f
  httparty (0.24.2) sha256=8fca6a54aa0c4aa4303a0fd33e5e2156175d6a5334f714263b458abd7fda9c38
  mini_mime (1.1.5) sha256=8681b7e2e4215f2a159f9400b5816d85e9d8c6c6b491e96a12797e798f8bccef
  multi_xml (0.8.1) sha256=addba0290bac34e9088bfe73dc4878530297a82a7bbd66cb44dcd0a4b86edf5a
  nokogiri (1.19.2-aarch64-linux-gnu) sha256=c34d5c8208025587554608e98fd88ab125b29c80f9352b821964e9a5d5cfbd19
  nokogiri (1.19.2-aarch64-linux-musl) sha256=7f6b4b0202d507326841a4f790294bf75098aef50c7173443812e3ac5cb06515
  nokogiri (1.19.2-arm-linux-gnu) sha256=b7fa1139016f3dc850bda1260988f0d749934a939d04ef2da13bec060d7d5081
  nokogiri (1.19.2-arm-linux-musl) sha256=61114d44f6742ff72194a1b3020967201e2eb982814778d130f6471c11f9828c
  nokogiri (1.19.2-arm64-darwin) sha256=58d8ea2e31a967b843b70487a44c14c8ba1866daa1b9da9be9dbdf1b43dee205
  nokogiri (1.19.2-x86_64-darwin) sha256=7d9af11fda72dfaa2961d8c4d5380ca0b51bc389dc5f8d4b859b9644f195e7a4
  nokogiri (1.19.2-x86_64-linux-gnu) sha256=fa8feca882b73e871a9845f3817a72e9734c8e974bdc4fbad6e4bc6e8076b94f
  nokogiri (1.19.2-x86_64-linux-musl) sha256=93128448e61a9383a30baef041bf1f5817e22f297a1d400521e90294445069a8
  racc (1.8.1) sha256=4a7f6929691dbec8b5209a0b373bc2614882b55fc5d2e447a21aaa691303d62f
  redcarpet (3.6.1) sha256=d444910e6aa55480c6bcdc0cdb057626e8a32c054c29e793fa642ba2f155f445
  sequel (5.102.0) sha256=c25bb85a44ae59b3ed41ca7c32c33316cf81a6fcaeabedb4036ba141dde70919
  sqlite3 (2.9.2-aarch64-linux-gnu) sha256=eeb86db55645b85327ba75129e3614658d974bf4da8fdc87018a0d42c59f6e42
  sqlite3 (2.9.2-aarch64-linux-musl) sha256=4feff91fb8c2b13688da34b5627c9d1ed9cedb3ee87a7114ec82209147f07a6d
  sqlite3 (2.9.2-arm-linux-gnu) sha256=1ee2eb06b5301aaf5ce343a6e88d99ac932d95202d7b350f0e7b6d8d588580d7
  sqlite3 (2.9.2-arm-linux-musl) sha256=8ca0de6aceede968de0394e22e95d549834c4d8e318f69a92a52f049878a0057
  sqlite3 (2.9.2-arm64-darwin) sha256=d15bd9609a05f9d54930babe039585efc8cadd57517c15b64ec7dfa75158a5e9
  sqlite3 (2.9.2-x86_64-darwin) sha256=ed691b5021674d72582d03c5a38e89634b961902735fb6225273892805421d13
  sqlite3 (2.9.2-x86_64-linux-gnu) sha256=dce83ffcb7e72f9f7aeb6e5404f15d277a45332fe18ccce8a8b3ed51e8d23aee
  sqlite3 (2.9.2-x86_64-linux-musl) sha256=e8dd906a613f13b60f6d47ae9dda376384d9de1ab3f7e3f2fdf2fd18a871a2d7
  thor (1.5.0) sha256=e3a9e55fe857e44859ce104a84675ab6e8cd59c650a49106a05f55f136425e73

BUNDLED WITH
  4.0.3
